
Microsoft Visual Studio Solution File, Format Version 12.00
# Visual Studio 15
Project("{FAE04EC0-301F-11D3-BF4B-00C04F79EFBC}") = "Assembly-CSharp", "Assembly-CSharp.csproj", "{3777B21D-F4C6-A266-9A7D-A58D716F7977}"
EndProject
Project("{FAE04EC0-301F-11D3-BF4B-00C04F79EFBC}") = "Assembly-CSharp-firstpass", "Assembly-CSharp-firstpass.csproj", "{162AC75E-5618-E408-ADF2-7B7AB56EBA9D}"
EndProject
Project("{FAE04EC0-301F-11D3-BF4B-00C04F79EFBC}") = "Assembly-CSharp-Editor-firstpass", "Assembly-CSharp-Editor-firstpass.csproj", "{2505A4E6-7F99-7AA1-7314-63CD1FF65FE7}"
EndProject
Global
	GlobalSection(SolutionConfigurationPlatforms) = preSolution
		Debug|Any CPU = Debug|Any CPU
		Release|Any CPU = Release|Any CPU
	EndGlobalSection
	GlobalSection(ProjectConfigurationPlatforms) = postSolution
		{3777B21D-F4C6-A266-9A7D-A58D716F7977}.Debug|Any CPU.ActiveCfg = Debug|Any CPU
		{3777B21D-F4C6-A266-9A7D-A58D716F7977}.Debug|Any CPU.Build.0 = Debug|Any CPU
		{3777B21D-F4C6-A266-9A7D-A58D716F7977}.Release|Any CPU.ActiveCfg = Release|Any CPU
		{3777B21D-F4C6-A266-9A7D-A58D716F7977}.Release|Any CPU.Build.0 = Release|Any CPU
		{162AC75E-5618-E408-ADF2-7B7AB56EBA9D}.Debug|Any CPU.ActiveCfg = Debug|Any CPU
		{162AC75E-5618-E408-ADF2-7B7AB56EBA9D}.Debug|Any CPU.Build.0 = Debug|Any CPU
		{162AC75E-5618-E408-ADF2-7B7AB56EBA9D}.Release|Any CPU.ActiveCfg = Release|Any CPU
		{162AC75E-5618-E408-ADF2-7B7AB56EBA9D}.Release|Any CPU.Build.0 = Release|Any CPU
		{2505A4E6-7F99-7AA1-7314-63CD1FF65FE7}.Debug|Any CPU.ActiveCfg = Debug|Any CPU
		{2505A4E6-7F99-7AA1-7314-63CD1FF65FE7}.Debug|Any CPU.Build.0 = Debug|Any CPU
		{2505A4E6-7F99-7AA1-7314-63CD1FF65FE7}.Release|Any CPU.ActiveCfg = Release|Any CPU
		{2505A4E6-7F99-7AA1-7314-63CD1FF65FE7}.Release|Any CPU.Build.0 = Release|Any CPU
	EndGlobalSection
	GlobalSection(SolutionProperties) = preSolution
		HideSolutionNode = FALSE
	EndGlobalSection
EndGlobal
